
Microsoft Visual Studio Solution File, Format Version 12.00
# Visual Studio Version 16
VisualStudioVersion = 16.0.29201.188
MinimumVisualStudioVersion = 10.0.40219.1
Project("{9A19103F-16F7-4668-BE54-9A1E7A4F7556}") = "RingbaCodeTest", "RingbaCodeTest\RingbaCodeTest.csproj", "{62B70D5C-47B8-42CC-9BE9-6359CC456A41}"
EndProject
Project("{FAE04EC0-301F-11D3-BF4B-00C04F79EFBC}") = "Tests", "Tests\Tests.csproj", "{234D5138-EC19-40B3-879F-A7AA30FA74F8}"
EndProject
Global
	GlobalSection(SolutionConfigurationPlatforms) = preSolution
		Debug|Any CPU = Debug|Any CPU
		Release|Any CPU = Release|Any CPU
	EndGlobalSection
	GlobalSection(ProjectConfigurationPlatforms) = postSolution
		{62B70D5C-47B8-42CC-9BE9-6359CC456A41}.Debug|Any CPU.ActiveCfg = Debug|Any CPU
		{62B70D5C-47B8-42CC-9BE9-6359CC456A41}.Debug|Any CPU.Build.0 = Debug|Any CPU
		{62B70D5C-47B8-42CC-9BE9-6359CC456A41}.Release|Any CPU.ActiveCfg = Release|Any CPU
		{62B70D5C-47B8-42CC-9BE9-6359CC456A41}.Release|Any CPU.Build.0 = Release|Any CPU
		{234D5138-EC19-40B3-879F-A7AA30FA74F8}.Debug|Any CPU.ActiveCfg = Debug|Any CPU
		{234D5138-EC19-40B3-879F-A7AA30FA74F8}.Debug|Any CPU.Build.0 = Debug|Any CPU
		{234D5138-EC19-40B3-879F-A7AA30FA74F8}.Release|Any CPU.ActiveCfg = Release|Any CPU
		{234D5138-EC19-40B3-879F-A7AA30FA74F8}.Release|Any CPU.Build.0 = Release|Any CPU
	EndGlobalSection
	GlobalSection(SolutionProperties) = preSolution
		HideSolutionNode = FALSE
	EndGlobalSection
	GlobalSection(ExtensibilityGlobals) = postSolution
		SolutionGuid = {86E45CD7-1DED-4793-8268-529EE6D9D3D1}
	EndGlobalSection
EndGlobal
